{
  "name": "traintraingo-ci",
  "version": "1.0.0",
  "lockfileVersion": 1,
  "requires": true,
  "dependencies": {
    "now": {
      "version": "15.0.5",
      "resolved": "https://registry.npmjs.org/now/-/now-15.0.5.tgz",
      "integrity": "sha512-6FcurNJIRot2Si0RMdxK1LLNygKf+Lw6UhFKEO2/r3XNUhHgGAVIRTnMiEX9CIHbirICjQRDIYq3bKHkpeBoow==",
      "dev": true
    }
  }
}
